
Microsoft Visual Studio Solution File, Format Version 12.00
# Visual Studio Version 16
VisualStudioVersion = 16.0.31624.102
MinimumVisualStudioVersion = 10.0.40219.1
Project("{FAE04EC0-301F-11D3-BF4B-00C04F79EFBC}") = "MortgageCalcMVC", "MortgageCalcMVC\MortgageCalcMVC.csproj", "{EC4E1947-4960-4D6E-91A8-2B3C061EE725}"
EndProject
Global
	GlobalSection(SolutionConfigurationPlatforms) = preSolution
		Debug|Any CPU = Debug|Any CPU
		Release|Any CPU = Release|Any CPU
	EndGlobalSection
	GlobalSection(ProjectConfigurationPlatforms) = postSolution
		{EC4E1947-4960-4D6E-91A8-2B3C061EE725}.Debug|Any CPU.ActiveCfg = Debug|Any CPU
		{EC4E1947-4960-4D6E-91A8-2B3C061EE725}.Debug|Any CPU.Build.0 = Debug|Any CPU
		{EC4E1947-4960-4D6E-91A8-2B3C061EE725}.Release|Any CPU.ActiveCfg = Release|Any CPU
		{EC4E1947-4960-4D6E-91A8-2B3C061EE725}.Release|Any CPU.Build.0 = Release|Any CPU
	EndGlobalSection
	GlobalSection(SolutionProperties) = preSolution
		HideSolutionNode = FALSE
	EndGlobalSection
	GlobalSection(ExtensibilityGlobals) = postSolution
		SolutionGuid = {A1BECE27-AD83-439C-9FD6-DFE5DD486322}
	EndGlobalSection
EndGlobal
